
Microsoft Visual Studio Solution File, Format Version 12.00
# Visual Studio 15
VisualStudioVersion = 15.0.27004.2009
MinimumVisualStudioVersion = 10.0.40219.1
Project("{FAE04EC0-301F-11D3-BF4B-00C04F79EFBC}") = "CareerCloud.Pocos", "CareerCloud.Pocos\CareerCloud.Pocos.csproj", "{1A04EA3D-1A53-4F6A-A582-6EC11875D747}"
EndProject
Project("{FAE04EC0-301F-11D3-BF4B-00C04F79EFBC}") = "CareerCloud.UnitTest.Assignment1Tests", "CareerCloud.UnitTest.Assignment1Test\CareerCloud.UnitTest.Assignment1Tests.csproj", "{E960BAF9-7433-4DAE-862B-A8DCBCE70A0E}"
EndProject
Project("{FAE04EC0-301F-11D3-BF4B-00C04F79EFBC}") = "CareerCloud.DataAccessLayer", "CareerCloud.DataAccessLayer\CareerCloud.DataAccessLayer.csproj", "{2012B406-0E1D-48E3-9E91-3A1E8D9F215E}"
EndProject
Project("{FAE04EC0-301F-11D3-BF4B-00C04F79EFBC}") = "CareerCloud.ADODataAccessLayer", "CareerCloud.ADODataAccessLayer\CareerCloud.ADODataAccessLayer.csproj", "{D902BE4B-B4E7-4A22-A1C4-EF5E59D61CE8}"
EndProject
Project("{FAE04EC0-301F-11D3-BF4B-00C04F79EFBC}") = "CareerCloud.UnitTests.Assignment2", "CareerCloud.UnitTests.Assignment2\CareerCloud.UnitTests.Assignment2.csproj", "{6E68DDCD-CDB9-4ABF-8DF3-57AE31F474E3}"
EndProject
Project("{FAE04EC0-301F-11D3-BF4B-00C04F79EFBC}") = "CareerCloud.BusinessLogicLayer", "CareerCloud.BusinessLogicLayer\CareerCloud.BusinessLogicLayer.csproj", "{241D163A-FBA9-4C70-8D8D-AF4BFA26B9E4}"
EndProject
Project("{FAE04EC0-301F-11D3-BF4B-00C04F79EFBC}") = "CareerCloud.UnitTests.Assignment3", "CareerCloud.UnitTests.Assignment3\CareerCloud.UnitTests.Assignment3.csproj", "{2D394F6A-C67B-4127-895E-8F6812942AC5}"
EndProject
Global
	GlobalSection(SolutionConfigurationPlatforms) = preSolution
		Debug|Any CPU = Debug|Any CPU
		Release|Any CPU = Release|Any CPU
	EndGlobalSection
	GlobalSection(ProjectConfigurationPlatforms) = postSolution
		{1A04EA3D-1A53-4F6A-A582-6EC11875D747}.Debug|Any CPU.ActiveCfg = Debug|Any CPU
		{1A04EA3D-1A53-4F6A-A582-6EC11875D747}.Debug|Any CPU.Build.0 = Debug|Any CPU
		{1A04EA3D-1A53-4F6A-A582-6EC11875D747}.Release|Any CPU.ActiveCfg = Release|Any CPU
		{1A04EA3D-1A53-4F6A-A582-6EC11875D747}.Release|Any CPU.Build.0 = Release|Any CPU
		{E960BAF9-7433-4DAE-862B-A8DCBCE70A0E}.Debug|Any CPU.ActiveCfg = Debug|Any CPU
		{E960BAF9-7433-4DAE-862B-A8DCBCE70A0E}.Debug|Any CPU.Build.0 = Debug|Any CPU
		{E960BAF9-7433-4DAE-862B-A8DCBCE70A0E}.Release|Any CPU.ActiveCfg = Release|Any CPU
		{E960BAF9-7433-4DAE-862B-A8DCBCE70A0E}.Release|Any CPU.Build.0 = Release|Any CPU
		{2012B406-0E1D-48E3-9E91-3A1E8D9F215E}.Debug|Any CPU.ActiveCfg = Debug|Any CPU
		{2012B406-0E1D-48E3-9E91-3A1E8D9F215E}.Debug|Any CPU.Build.0 = Debug|Any CPU
		{2012B406-0E1D-48E3-9E91-3A1E8D9F215E}.Release|Any CPU.ActiveCfg = Release|Any CPU
		{2012B406-0E1D-48E3-9E91-3A1E8D9F215E}.Release|Any CPU.Build.0 = Release|Any CPU
		{D902BE4B-B4E7-4A22-A1C4-EF5E59D61CE8}.Debug|Any CPU.ActiveCfg = Debug|Any CPU
		{D902BE4B-B4E7-4A22-A1C4-EF5E59D61CE8}.Debug|Any CPU.Build.0 = Debug|Any CPU
		{D902BE4B-B4E7-4A22-A1C4-EF5E59D61CE8}.Release|Any CPU.ActiveCfg = Release|Any CPU
		{D902BE4B-B4E7-4A22-A1C4-EF5E59D61CE8}.Release|Any CPU.Build.0 = Release|Any CPU
		{6E68DDCD-CDB9-4ABF-8DF3-57AE31F474E3}.Debug|Any CPU.ActiveCfg = Debug|Any CPU
		{6E68DDCD-CDB9-4ABF-8DF3-57AE31F474E3}.Debug|Any CPU.Build.0 = Debug|Any CPU
		{6E68DDCD-CDB9-4ABF-8DF3-57AE31F474E3}.Release|Any CPU.ActiveCfg = Release|Any CPU
		{6E68DDCD-CDB9-4ABF-8DF3-57AE31F474E3}.Release|Any CPU.Build.0 = Release|Any CPU
		{241D163A-FBA9-4C70-8D8D-AF4BFA26B9E4}.Debug|Any CPU.ActiveCfg = Debug|Any CPU
		{241D163A-FBA9-4C70-8D8D-AF4BFA26B9E4}.Debug|Any CPU.Build.0 = Debug|Any CPU
		{241D163A-FBA9-4C70-8D8D-AF4BFA26B9E4}.Release|Any CPU.ActiveCfg = Release|Any CPU
		{241D163A-FBA9-4C70-8D8D-AF4BFA26B9E4}.Release|Any CPU.Build.0 = Release|Any CPU
		{2D394F6A-C67B-4127-895E-8F6812942AC5}.Debug|Any CPU.ActiveCfg = Debug|Any CPU
		{2D394F6A-C67B-4127-895E-8F6812942AC5}.Debug|Any CPU.Build.0 = Debug|Any CPU
		{2D394F6A-C67B-4127-895E-8F6812942AC5}.Release|Any CPU.ActiveCfg = Release|Any CPU
		{2D394F6A-C67B-4127-895E-8F6812942AC5}.Release|Any CPU.Build.0 = Release|Any CPU
	EndGlobalSection
	GlobalSection(SolutionProperties) = preSolution
		HideSolutionNode = FALSE
	EndGlobalSection
	GlobalSection(ExtensibilityGlobals) = postSolution
		SolutionGuid = {D6263B0B-271C-4F49-A82D-7DDB68EC9BF4}
	EndGlobalSection
EndGlobal
